
Microsoft Visual Studio Solution File, Format Version 12.00
# Visual Studio Version 16
VisualStudioVersion = 16.0.34729.46
MinimumVisualStudioVersion = 10.0.40219.1
Project("{FAE04EC0-301F-11D3-BF4B-00C04F79EFBC}") = "examen_parcial_biblioteca", "examen_parcial_biblioteca\examen_parcial_biblioteca.csproj", "{604FA65B-55A3-4AB5-AA04-9089DDECED17}"
EndProject
Global
	GlobalSection(SolutionConfigurationPlatforms) = preSolution
		Debug|Any CPU = Debug|Any CPU
		Release|Any CPU = Release|Any CPU
	EndGlobalSection
	GlobalSection(ProjectConfigurationPlatforms) = postSolution
		{604FA65B-55A3-4AB5-AA04-9089DDECED17}.Debug|Any CPU.ActiveCfg = Debug|Any CPU
		{604FA65B-55A3-4AB5-AA04-9089DDECED17}.Debug|Any CPU.Build.0 = Debug|Any CPU
		{604FA65B-55A3-4AB5-AA04-9089DDECED17}.Release|Any CPU.ActiveCfg = Release|Any CPU
		{604FA65B-55A3-4AB5-AA04-9089DDECED17}.Release|Any CPU.Build.0 = Release|Any CPU
	EndGlobalSection
	GlobalSection(SolutionProperties) = preSolution
		HideSolutionNode = FALSE
	EndGlobalSection
	GlobalSection(ExtensibilityGlobals) = postSolution
		SolutionGuid = {85F40F4E-2DCB-45A7-8F89-DA982D0A65A2}
	EndGlobalSection
EndGlobal
